// !$*UTF8*$!
{
	archiveVersion = 1;
	classes = {
	};
	objectVersion = 56;
	objects = {

/* Begin PBXBuildFile section */
		0021752C2C71EF47007AD789 /* skate_mate_analytics_macosApp.swift in Sources */ = {isa = PBXBuildFile; fileRef = 0021752B2C71EF47007AD789 /* skate_mate_analytics_macosApp.swift */; };
		0021752E2C71EF47007AD789 /* ContentView.swift in Sources */ = {isa = PBXBuildFile; fileRef = 0021752D2C71EF47007AD789 /* ContentView.swift */; };
		002175302C71EF48007AD789 /* Assets.xcassets in Resources */ = {isa = PBXBuildFile; fileRef = 0021752F2C71EF48007AD789 /* Assets.xcassets */; };
		002175332C71EF48007AD789 /* Preview Assets.xcassets in Resources */ = {isa = PBXBuildFile; fileRef = 002175322C71EF48007AD789 /* Preview Assets.xcassets */; };
		0021753E2C71EF49007AD789 /* skate_mate_analytics_macosTests.swift in Sources */ = {isa = PBXBuildFile; fileRef = 0021753D2C71EF49007AD789 /* skate_mate_analytics_macosTests.swift */; };
		002175482C71EF49007AD789 /* skate_mate_analytics_macosUITests.swift in Sources */ = {isa = PBXBuildFile; fileRef = 002175472C71EF49007AD789 /* skate_mate_analytics_macosUITests.swift */; };
		0021754A2C71EF49007AD789 /* skate_mate_analytics_macosUITestsLaunchTests.swift in Sources */ = {isa = PBXBuildFile; fileRef = 002175492C71EF49007AD789 /* skate_mate_analytics_macosUITestsLaunchTests.swift */; };
/* End PBXBuildFile section */

/* Begin PBXContainerItemProxy section */
		0021753A2C71EF49007AD789 /* PBXContainerItemProxy */ = {
			isa = PBXContainerItemProxy;
			containerPortal = 002175202C71EF47007AD789 /* Project object */;
			proxyType = 1;
			remoteGlobalIDString = 002175272C71EF47007AD789;
			remoteInfo = "skate-mate-analytics-macos";
		};
		002175442C71EF49007AD789 /* PBXContainerItemProxy */ = {
			isa = PBXContainerItemProxy;
			containerPortal = 002175202C71EF47007AD789 /* Project object */;
			proxyType = 1;
			remoteGlobalIDString = 002175272C71EF47007AD789;
			remoteInfo = "skate-mate-analytics-macos";
		};
/* End PBXContainerItemProxy section */

/* Begin PBXFileReference section */
		002175282C71EF47007AD789 /* skate-mate-analytics-macos.app */ = {isa = PBXFileReference; explicitFileType = wrapper.application; includeInIndex = 0; path = "skate-mate-analytics-macos.app"; sourceTree = BUILT_PRODUCTS_DIR; };
		0021752B2C71EF47007AD789 /* skate_mate_analytics_macosApp.swift */ = {isa = PBXFileReference; lastKnownFileType = sourcecode.swift; path = skate_mate_analytics_macosApp.swift; sourceTree = "<group>"; };
		0021752D2C71EF47007AD789 /* ContentView.swift */ = {isa = PBXFileReference; lastKnownFileType = sourcecode.swift; path = ContentView.swift; sourceTree = "<group>"; };
		0021752F2C71EF48007AD789 /* Assets.xcassets */ = {isa = PBXFileReference; lastKnownFileType = folder.assetcatalog; path = Assets.xcassets; sourceTree = "<group>"; };
		002175322C71EF48007AD789 /* Preview Assets.xcassets */ = {isa = PBXFileReference; lastKnownFileType = folder.assetcatalog; path = "Preview Assets.xcassets"; sourceTree = "<group>"; };
		002175342C71EF48007AD789 /* skate_mate_analytics_macos.entitlements */ = {isa = PBXFileReference; lastKnownFileType = text.plist.entitlements; path = skate_mate_analytics_macos.entitlements; sourceTree = "<group>"; };
		002175392C71EF49007AD789 /* skate-mate-analytics-macosTests.xctest */ = {isa = PBXFileReference; explicitFileType = wrapper.cfbundle; includeInIndex = 0; path = "skate-mate-analytics-macosTests.xctest"; sourceTree = BUILT_PRODUCTS_DIR; };
		0021753D2C71EF49007AD789 /* skate_mate_analytics_macosTests.swift */ = {isa = PBXFileReference; lastKnownFileType = sourcecode.swift; path = skate_mate_analytics_macosTests.swift; sourceTree = "<group>"; };
		002175432C71EF49007AD789 /* skate-mate-analytics-macosUITests.xctest */ = {isa = PBXFileReference; explicitFileType = wrapper.cfbundle; includeInIndex = 0; path = "skate-mate-analytics-macosUITests.xctest"; sourceTree = BUILT_PRODUCTS_DIR; };
		002175472C71EF49007AD789 /* skate_mate_analytics_macosUITests.swift */ = {isa = PBXFileReference; lastKnownFileType = sourcecode.swift; path = skate_mate_analytics_macosUITests.swift; sourceTree = "<group>"; };
		002175492C71EF49007AD789 /* skate_mate_analytics_macosUITestsLaunchTests.swift */ = {isa = PBXFileReference; lastKnownFileType = sourcecode.swift; path = skate_mate_analytics_macosUITestsLaunchTests.swift; sourceTree = "<group>"; };
/* End PBXFileReference section */

/* Begin PBXFrameworksBuildPhase section */
		002175252C71EF47007AD789 /* Frameworks */ = {
			isa = PBXFrameworksBuildPhase;
			buildActionMask = 2147483647;
			files = (
			);
			runOnlyForDeploymentPostprocessing = 0;
		};
		002175362C71EF49007AD789 /* Frameworks */ = {
			isa = PBXFrameworksBuildPhase;
			buildActionMask = 2147483647;
			files = (
			);
			runOnlyForDeploymentPostprocessing = 0;
		};
		002175402C71EF49007AD789 /* Frameworks */ = {
			isa = PBXFrameworksBuildPhase;
			buildActionMask = 2147483647;
			files = (
			);
			runOnlyForDeploymentPostprocessing = 0;
		};
/* End PBXFrameworksBuildPhase section */

/* Begin PBXGroup section */
		0021751F2C71EF47007AD789 = {
			isa = PBXGroup;
			children = (
				0021752A2C71EF47007AD789 /* skate-mate-analytics-macos */,
				0021753C2C71EF49007AD789 /* skate-mate-analytics-macosTests */,
				002175462C71EF49007AD789 /* skate-mate-analytics-macosUITests */,
				002175292C71EF47007AD789 /* Products */,
			);
			sourceTree = "<group>";
		};
		002175292C71EF47007AD789 /* Products */ = {
			isa = PBXGroup;
			children = (
				002175282C71EF47007AD789 /* skate-mate-analytics-macos.app */,
				002175392C71EF49007AD789 /* skate-mate-analytics-macosTests.xctest */,
				002175432C71EF49007AD789 /* skate-mate-analytics-macosUITests.xctest */,
			);
			name = Products;
			sourceTree = "<group>";
		};
		0021752A2C71EF47007AD789 /* skate-mate-analytics-macos */ = {
			isa = PBXGroup;
			children = (
				0021752B2C71EF47007AD789 /* skate_mate_analytics_macosApp.swift */,
				0021752D2C71EF47007AD789 /* ContentView.swift */,
				0021752F2C71EF48007AD789 /* Assets.xcassets */,
				002175342C71EF48007AD789 /* skate_mate_analytics_macos.entitlements */,
				002175312C71EF48007AD789 /* Preview Content */,
			);
			path = "skate-mate-analytics-macos";
			sourceTree = "<group>";
		};
		002175312C71EF48007AD789 /* Preview Content */ = {
			isa = PBXGroup;
			children = (
				002175322C71EF48007AD789 /* Preview Assets.xcassets */,
			);
			path = "Preview Content";
			sourceTree = "<group>";
		};
		0021753C2C71EF49007AD789 /* skate-mate-analytics-macosTests */ = {
			isa = PBXGroup;
			children = (
				0021753D2C71EF49007AD789 /* skate_mate_analytics_macosTests.swift */,
			);
			path = "skate-mate-analytics-macosTests";
			sourceTree = "<group>";
		};
		002175462C71EF49007AD789 /* skate-mate-analytics-macosUITests */ = {
			isa = PBXGroup;
			children = (
				002175472C71EF49007AD789 /* skate_mate_analytics_macosUITests.swift */,
				002175492C71EF49007AD789 /* skate_mate_analytics_macosUITestsLaunchTests.swift */,
			);
			path = "skate-mate-analytics-macosUITests";
			sourceTree = "<group>";
		};
/* End PBXGroup section */

/* Begin PBXNativeTarget section */
		002175272C71EF47007AD789 /* skate-mate-analytics-macos */ = {
			isa = PBXNativeTarget;
			buildConfigurationList = 0021754D2C71EF49007AD789 /* Build configuration list for PBXNativeTarget "skate-mate-analytics-macos" */;
			buildPhases = (
				002175242C71EF47007AD789 /* Sources */,
				002175252C71EF47007AD789 /* Frameworks */,
				002175262C71EF47007AD789 /* Resources */,
			);
			buildRules = (
			);
			dependencies = (
			);
			name = "skate-mate-analytics-macos";
			productName = "skate-mate-analytics-macos";
			productReference = 002175282C71EF47007AD789 /* skate-mate-analytics-macos.app */;
			productType = "com.apple.product-type.application";
		};
		002175382C71EF49007AD789 /* skate-mate-analytics-macosTests */ = {
			isa = PBXNativeTarget;
			buildConfigurationList = 002175502C71EF49007AD789 /* Build configuration list for PBXNativeTarget "skate-mate-analytics-macosTests" */;
			buildPhases = (
				002175352C71EF49007AD789 /* Sources */,
				002175362C71EF49007AD789 /* Frameworks */,
				002175372C71EF49007AD789 /* Resources */,
			);
			buildRules = (
			);
			dependencies = (
				0021753B2C71EF49007AD789 /* PBXTargetDependency */,
			);
			name = "skate-mate-analytics-macosTests";
			productName = "skate-mate-analytics-macosTests";
			productReference = 002175392C71EF49007AD789 /* skate-mate-analytics-macosTests.xctest */;
			productType = "com.apple.product-type.bundle.unit-test";
		};
		002175422C71EF49007AD789 /* skate-mate-analytics-macosUITests */ = {
			isa = PBXNativeTarget;
			buildConfigurationList = 002175532C71EF49007AD789 /* Build configuration list for PBXNativeTarget "skate-mate-analytics-macosUITests" */;
			buildPhases = (
				0021753F2C71EF49007AD789 /* Sources */,
				002175402C71EF49007AD789 /* Frameworks */,
				002175412C71EF49007AD789 /* Resources */,
			);
			buildRules = (
			);
			dependencies = (
				002175452C71EF49007AD789 /* PBXTargetDependency */,
			);
			name = "skate-mate-analytics-macosUITests";
			productName = "skate-mate-analytics-macosUITests";
			productReference = 002175432C71EF49007AD789 /* skate-mate-analytics-macosUITests.xctest */;
			productType = "com.apple.product-type.bundle.ui-testing";
		};
/* End PBXNativeTarget section */

/* Begin PBXProject section */
		002175202C71EF47007AD789 /* Project object */ = {
			isa = PBXProject;
			attributes = {
				BuildIndependentTargetsInParallel = 1;
				LastSwiftUpdateCheck = 1540;
				LastUpgradeCheck = 1540;
				TargetAttributes = {
					002175272C71EF47007AD789 = {
						CreatedOnToolsVersion = 15.4;
					};
					002175382C71EF49007AD789 = {
						CreatedOnToolsVersion = 15.4;
						TestTargetID = 002175272C71EF47007AD789;
					};
					002175422C71EF49007AD789 = {
						CreatedOnToolsVersion = 15.4;
						TestTargetID = 002175272C71EF47007AD789;
					};
				};
			};
			buildConfigurationList = 002175232C71EF47007AD789 /* Build configuration list for PBXProject "skate-mate-analytics-macos" */;
			compatibilityVersion = "Xcode 14.0";
			developmentRegion = en;
			hasScannedForEncodings = 0;
			knownRegions = (
				en,
				Base,
			);
			mainGroup = 0021751F2C71EF47007AD789;
			productRefGroup = 002175292C71EF47007AD789 /* Products */;
			projectDirPath = "";
			projectRoot = "";
			targets = (
				002175272C71EF47007AD789 /* skate-mate-analytics-macos */,
				002175382C71EF49007AD789 /* skate-mate-analytics-macosTests */,
				002175422C71EF49007AD789 /* skate-mate-analytics-macosUITests */,
			);
		};
/* End PBXProject section */

/* Begin PBXResourcesBuildPhase section */
		002175262C71EF47007AD789 /* Resources */ = {
			isa = PBXResourcesBuildPhase;
			buildActionMask = 2147483647;
			files = (
				002175332C71EF48007AD789 /* Preview Assets.xcassets in Resources */,
				002175302C71EF48007AD789 /* Assets.xcassets in Resources */,
			);
			runOnlyForDeploymentPostprocessing = 0;
		};
		002175372C71EF49007AD789 /* Resources */ = {
			isa = PBXResourcesBuildPhase;
			buildActionMask = 2147483647;
			files = (
			);
			runOnlyForDeploymentPostprocessing = 0;
		};
		002175412C71EF49007AD789 /* Resources */ = {
			isa = PBXResourcesBuildPhase;
			buildActionMask = 2147483647;
			files = (
			);
			runOnlyForDeploymentPostprocessing = 0;
		};
/* End PBXResourcesBuildPhase section */

/* Begin PBXSourcesBuildPhase section */
		002175242C71EF47007AD789 /* Sources */ = {
			isa = PBXSourcesBuildPhase;
			buildActionMask = 2147483647;
			files = (
				0021752E2C71EF47007AD789 /* ContentView.swift in Sources */,
				0021752C2C71EF47007AD789 /* skate_mate_analytics_macosApp.swift in Sources */,
			);
			runOnlyForDeploymentPostprocessing = 0;
		};
		002175352C71EF49007AD789 /* Sources */ = {
			isa = PBXSourcesBuildPhase;
			buildActionMask = 2147483647;
			files = (
				0021753E2C71EF49007AD789 /* skate_mate_analytics_macosTests.swift in Sources */,
			);
			runOnlyForDeploymentPostprocessing = 0;
		};
		0021753F2C71EF49007AD789 /* Sources */ = {
			isa = PBXSourcesBuildPhase;
			buildActionMask = 2147483647;
			files = (
				002175482C71EF49007AD789 /* skate_mate_analytics_macosUITests.swift in Sources */,
				0021754A2C71EF49007AD789 /* skate_mate_analytics_macosUITestsLaunchTests.swift in Sources */,
			);
			runOnlyForDeploymentPostprocessing = 0;
		};
/* End PBXSourcesBuildPhase section */

/* Begin PBXTargetDependency section */
		0021753B2C71EF49007AD789 /* PBXTargetDependency */ = {
			isa = PBXTargetDependency;
			target = 002175272C71EF47007AD789 /* skate-mate-analytics-macos */;
			targetProxy = 0021753A2C71EF49007AD789 /* PBXContainerItemProxy */;
		};
		002175452C71EF49007AD789 /* PBXTargetDependency */ = {
			isa = PBXTargetDependency;
			target = 002175272C71EF47007AD789 /* skate-mate-analytics-macos */;
			targetProxy = 002175442C71EF49007AD789 /* PBXContainerItemProxy */;
		};
/* End PBXTargetDependency section */

/* Begin XCBuildConfiguration section */
		0021754B2C71EF49007AD789 /* Debug */ = {
			isa = XCBuildConfiguration;
			buildSettings = {
				ALWAYS_SEARCH_USER_PATHS = NO;
				ASSETCATALOG_COMPILER_GENERATE_SWIFT_ASSET_SYMBOL_EXTENSIONS = YES;
				CLANG_ANALYZER_NONNULL = YES;
				CLANG_ANALYZER_NUMBER_OBJECT_CONVERSION = YES_AGGRESSIVE;
				CLANG_CXX_LANGUAGE_STANDARD = "gnu++20";
				CLANG_ENABLE_MODULES = YES;
				CLANG_ENABLE_OBJC_ARC = YES;
				CLANG_ENABLE_OBJC_WEAK = YES;
				CLANG_WARN_BLOCK_CAPTURE_AUTORELEASING = YES;
				CLANG_WARN_BOOL_CONVERSION = YES;
				CLANG_WARN_COMMA = YES;
				CLANG_WARN_CONSTANT_CONVERSION = YES;
				CLANG_WARN_DEPRECATED_OBJC_IMPLEMENTATIONS = YES;
				CLANG_WARN_DIRECT_OBJC_ISA_USAGE = YES_ERROR;
				CLANG_WARN_DOCUMENTATION_COMMENTS = YES;
				CLANG_WARN_EMPTY_BODY = YES;
				CLANG_WARN_ENUM_CONVERSION = YES;
				CLANG_WARN_INFINITE_RECURSION = YES;
				CLANG_WARN_INT_CONVERSION = YES;
				CLANG_WARN_NON_LITERAL_NULL_CONVERSION = YES;
				CLANG_WARN_OBJC_IMPLICIT_RETAIN_SELF = YES;
				CLANG_WARN_OBJC_LITERAL_CONVERSION = YES;
				CLANG_WARN_OBJC_ROOT_CLASS = YES_ERROR;
				CLANG_WARN_QUOTED_INCLUDE_IN_FRAMEWORK_HEADER = YES;
				CLANG_WARN_RANGE_LOOP_ANALYSIS = YES;
				CLANG_WARN_STRICT_PROTOTYPES = YES;
				CLANG_WARN_SUSPICIOUS_MOVE = YES;
				CLANG_WARN_UNGUARDED_AVAILABILITY = YES_AGGRESSIVE;
				CLANG_WARN_UNREACHABLE_CODE = YES;
				CLANG_WARN__DUPLICATE_METHOD_MATCH = YES;
				COPY_PHASE_STRIP = NO;
				DEBUG_INFORMATION_FORMAT = dwarf;
				ENABLE_STRICT_OBJC_MSGSEND = YES;
				ENABLE_TESTABILITY = YES;
				ENABLE_USER_SCRIPT_SANDBOXING = YES;
				GCC_C_LANGUAGE_STANDARD = gnu17;
				GCC_DYNAMIC_NO_PIC = NO;
				GCC_NO_COMMON_BLOCKS = YES;
				GCC_OPTIMIZATION_LEVEL = 0;
				GCC_PREPROCESSOR_DEFINITIONS = (
					"DEBUG=1",
					"$(inherited)",
				);
				GCC_WARN_64_TO_32_BIT_CONVERSION = YES;
				GCC_WARN_ABOUT_RETURN_TYPE = YES_ERROR;
				GCC_WARN_UNDECLARED_SELECTOR = YES;
				GCC_WARN_UNINITIALIZED_AUTOS = YES_AGGRESSIVE;
				GCC_WARN_UNUSED_FUNCTION = YES;
				GCC_WARN_UNUSED_VARIABLE = YES;
				LOCALIZATION_PREFERS_STRING_CATALOGS = YES;
				MACOSX_DEPLOYMENT_TARGET = 14.5;
				MTL_ENABLE_DEBUG_INFO = INCLUDE_SOURCE;
				MTL_FAST_MATH = YES;
				ONLY_ACTIVE_ARCH = YES;
				SDKROOT = macosx;
				SWIFT_ACTIVE_COMPILATION_CONDITIONS = "DEBUG $(inherited)";
				SWIFT_OPTIMIZATION_LEVEL = "-Onone";
			};
			name = Debug;
		};
		0021754C2C71EF49007AD789 /* Release */ = {
			isa = XCBuildConfiguration;
			buildSettings = {
				ALWAYS_SEARCH_USER_PATHS = NO;
				ASSETCATALOG_COMPILER_GENERATE_SWIFT_ASSET_SYMBOL_EXTENSIONS = YES;
				CLANG_ANALYZER_NONNULL = YES;
				CLANG_ANALYZER_NUMBER_OBJECT_CONVERSION = YES_AGGRESSIVE;
				CLANG_CXX_LANGUAGE_STANDARD = "gnu++20";
				CLANG_ENABLE_MODULES = YES;
				CLANG_ENABLE_OBJC_ARC = YES;
				CLANG_ENABLE_OBJC_WEAK = YES;
				CLANG_WARN_BLOCK_CAPTURE_AUTORELEASING = YES;
				CLANG_WARN_BOOL_CONVERSION = YES;
				CLANG_WARN_COMMA = YES;
				CLANG_WARN_CONSTANT_CONVERSION = YES;
				CLANG_WARN_DEPRECATED_OBJC_IMPLEMENTATIONS = YES;
				CLANG_WARN_DIRECT_OBJC_ISA_USAGE = YES_ERROR;
				CLANG_WARN_DOCUMENTATION_COMMENTS = YES;
				CLANG_WARN_EMPTY_BODY = YES;
				CLANG_WARN_ENUM_CONVERSION = YES;
				CLANG_WARN_INFINITE_RECURSION = YES;
				CLANG_WARN_INT_CONVERSION = YES;
				CLANG_WARN_NON_LITERAL_NULL_CONVERSION = YES;
				CLANG_WARN_OBJC_IMPLICIT_RETAIN_SELF = YES;
				CLANG_WARN_OBJC_LITERAL_CONVERSION = YES;
				CLANG_WARN_OBJC_ROOT_CLASS = YES_ERROR;
				CLANG_WARN_QUOTED_INCLUDE_IN_FRAMEWORK_HEADER = YES;
				CLANG_WARN_RANGE_LOOP_ANALYSIS = YES;
				CLANG_WARN_STRICT_PROTOTYPES = YES;
				CLANG_WARN_SUSPICIOUS_MOVE = YES;
				CLANG_WARN_UNGUARDED_AVAILABILITY = YES_AGGRESSIVE;
				CLANG_WARN_UNREACHABLE_CODE = YES;
				CLANG_WARN__DUPLICATE_METHOD_MATCH = YES;
				COPY_PHASE_STRIP = NO;
				DEBUG_INFORMATION_FORMAT = "dwarf-with-dsym";
				ENABLE_NS_ASSERTIONS = NO;
				ENABLE_STRICT_OBJC_MSGSEND = YES;
				ENABLE_USER_SCRIPT_SANDBOXING = YES;
				GCC_C_LANGUAGE_STANDARD = gnu17;
				GCC_NO_COMMON_BLOCKS = YES;
				GCC_WARN_64_TO_32_BIT_CONVERSION = YES;
				GCC_WARN_ABOUT_RETURN_TYPE = YES_ERROR;
				GCC_WARN_UNDECLARED_SELECTOR = YES;
				GCC_WARN_UNINITIALIZED_AUTOS = YES_AGGRESSIVE;
				GCC_WARN_UNUSED_FUNCTION = YES;
				GCC_WARN_UNUSED_VARIABLE = YES;
				LOCALIZATION_PREFERS_STRING_CATALOGS = YES;
				MACOSX_DEPLOYMENT_TARGET = 14.5;
				MTL_ENABLE_DEBUG_INFO = NO;
				MTL_FAST_MATH = YES;
				SDKROOT = macosx;
				SWIFT_COMPILATION_MODE = wholemodule;
			};
			name = Release;
		};
		0021754E2C71EF49007AD789 /* Debug */ = {
			isa = XCBuildConfiguration;
			buildSettings = {
				ASSETCATALOG_COMPILER_APPICON_NAME = AppIcon;
				ASSETCATALOG_COMPILER_GLOBAL_ACCENT_COLOR_NAME = AccentColor;
				CODE_SIGN_ENTITLEMENTS = "skate-mate-analytics-macos/skate_mate_analytics_macos.entitlements";
				CODE_SIGN_STYLE = Automatic;
				COMBINE_HIDPI_IMAGES = YES;
				CURRENT_PROJECT_VERSION = 1;
				DEVELOPMENT_ASSET_PATHS = "\"skate-mate-analytics-macos/Preview Content\"";
				DEVELOPMENT_TEAM = 354UWT7ZK9;
				ENABLE_HARDENED_RUNTIME = YES;
				ENABLE_PREVIEWS = YES;
				GENERATE_INFOPLIST_FILE = YES;
				INFOPLIST_KEY_NSHumanReadableCopyright = "";
				LD_RUNPATH_SEARCH_PATHS = (
					"$(inherited)",
					"@executable_path/../Frameworks",
				);
				MARKETING_VERSION = 1.0;
				PRODUCT_BUNDLE_IDENTIFIER = "com.prometheus.skate-mate-analytics-macos.skate-mate-analytics-macos";
				PRODUCT_NAME = "$(TARGET_NAME)";
				SWIFT_EMIT_LOC_STRINGS = YES;
				SWIFT_VERSION = 5.0;
			};
			name = Debug;
		};
		0021754F2C71EF49007AD789 /* Release */ = {
			isa = XCBuildConfiguration;
			buildSettings = {
				ASSETCATALOG_COMPILER_APPICON_NAME = AppIcon;
				ASSETCATALOG_COMPILER_GLOBAL_ACCENT_COLOR_NAME = AccentColor;
				CODE_SIGN_ENTITLEMENTS = "skate-mate-analytics-macos/skate_mate_analytics_macos.entitlements";
				CODE_SIGN_STYLE = Automatic;
				COMBINE_HIDPI_IMAGES = YES;
				CURRENT_PROJECT_VERSION = 1;
				DEVELOPMENT_ASSET_PATHS = "\"skate-mate-analytics-macos/Preview Content\"";
				DEVELOPMENT_TEAM = 354UWT7ZK9;
				ENABLE_HARDENED_RUNTIME = YES;
				ENABLE_PREVIEWS = YES;
				GENERATE_INFOPLIST_FILE = YES;
				INFOPLIST_KEY_NSHumanReadableCopyright = "";
				LD_RUNPATH_SEARCH_PATHS = (
					"$(inherited)",
					"@executable_path/../Frameworks",
				);
				MARKETING_VERSION = 1.0;
				PRODUCT_BUNDLE_IDENTIFIER = "com.prometheus.skate-mate-analytics-macos.skate-mate-analytics-macos";
				PRODUCT_NAME = "$(TARGET_NAME)";
				SWIFT_EMIT_LOC_STRINGS = YES;
				SWIFT_VERSION = 5.0;
			};
			name = Release;
		};
		002175512C71EF49007AD789 /* Debug */ = {
			isa = XCBuildConfiguration;
			buildSettings = {
				ALWAYS_EMBED_SWIFT_STANDARD_LIBRARIES = YES;
				BUNDLE_LOADER = "$(TEST_HOST)";
				CODE_SIGN_STYLE = Automatic;
				CURRENT_PROJECT_VERSION = 1;
				DEVELOPMENT_TEAM = 354UWT7ZK9;
				GENERATE_INFOPLIST_FILE = YES;
				MACOSX_DEPLOYMENT_TARGET = 14.5;
				MARKETING_VERSION = 1.0;
				PRODUCT_BUNDLE_IDENTIFIER = "com.prometheus.skate-mate-analytics-macos.skate-mate-analytics-macosTests";
				PRODUCT_NAME = "$(TARGET_NAME)";
				SWIFT_EMIT_LOC_STRINGS = NO;
				SWIFT_VERSION = 5.0;
				TEST_HOST = "$(BUILT_PRODUCTS_DIR)/skate-mate-analytics-macos.app/$(BUNDLE_EXECUTABLE_FOLDER_PATH)/skate-mate-analytics-macos";
			};
			name = Debug;
		};
		002175522C71EF49007AD789 /* Release */ = {
			isa = XCBuildConfiguration;
			buildSettings = {
				ALWAYS_EMBED_SWIFT_STANDARD_LIBRARIES = YES;
				BUNDLE_LOADER = "$(TEST_HOST)";
				CODE_SIGN_STYLE = Automatic;
				CURRENT_PROJECT_VERSION = 1;
				DEVELOPMENT_TEAM = 354UWT7ZK9;
				GENERATE_INFOPLIST_FILE = YES;
				MACOSX_DEPLOYMENT_TARGET = 14.5;
				MARKETING_VERSION = 1.0;
				PRODUCT_BUNDLE_IDENTIFIER = "com.prometheus.skate-mate-analytics-macos.skate-mate-analytics-macosTests";
				PRODUCT_NAME = "$(TARGET_NAME)";
				SWIFT_EMIT_LOC_STRINGS = NO;
				SWIFT_VERSION = 5.0;
				TEST_HOST = "$(BUILT_PRODUCTS_DIR)/skate-mate-analytics-macos.app/$(BUNDLE_EXECUTABLE_FOLDER_PATH)/skate-mate-analytics-macos";
			};
			name = Release;
		};
		002175542C71EF49007AD789 /* Debug */ = {
			isa = XCBuildConfiguration;
			buildSettings = {
				ALWAYS_EMBED_SWIFT_STANDARD_LIBRARIES = YES;
				CODE_SIGN_STYLE = Automatic;
				CURRENT_PROJECT_VERSION = 1;
				DEVELOPMENT_TEAM = 354UWT7ZK9;
				GENERATE_INFOPLIST_FILE = YES;
				MARKETING_VERSION = 1.0;
				PRODUCT_BUNDLE_IDENTIFIER = "com.prometheus.skate-mate-analytics-macos.skate-mate-analytics-macosUITests";
				PRODUCT_NAME = "$(TARGET_NAME)";
				SWIFT_EMIT_LOC_STRINGS = NO;
				SWIFT_VERSION = 5.0;
				TEST_TARGET_NAME = "skate-mate-analytics-macos";
			};
			name = Debug;
		};
		002175552C71EF49007AD789 /* Release */ = {
			isa = XCBuildConfiguration;
			buildSettings = {
				ALWAYS_EMBED_SWIFT_STANDARD_LIBRARIES = YES;
				CODE_SIGN_STYLE = Automatic;
				CURRENT_PROJECT_VERSION = 1;
				DEVELOPMENT_TEAM = 354UWT7ZK9;
				GENERATE_INFOPLIST_FILE = YES;
				MARKETING_VERSION = 1.0;
				PRODUCT_BUNDLE_IDENTIFIER = "com.prometheus.skate-mate-analytics-macos.skate-mate-analytics-macosUITests";
				PRODUCT_NAME = "$(TARGET_NAME)";
				SWIFT_EMIT_LOC_STRINGS = NO;
				SWIFT_VERSION = 5.0;
				TEST_TARGET_NAME = "skate-mate-analytics-macos";
			};
			name = Release;
		};
/* End XCBuildConfiguration section */

/* Begin XCConfigurationList section */
		002175232C71EF47007AD789 /* Build configuration list for PBXProject "skate-mate-analytics-macos" */ = {
			isa = XCConfigurationList;
			buildConfigurations = (
				0021754B2C71EF49007AD789 /* Debug */,
				0021754C2C71EF49007AD789 /* Release */,
			);
			defaultConfigurationIsVisible = 0;
			defaultConfigurationName = Release;
		};
		0021754D2C71EF49007AD789 /* Build configuration list for PBXNativeTarget "skate-mate-analytics-macos" */ = {
			isa = XCConfigurationList;
			buildConfigurations = (
				0021754E2C71EF49007AD789 /* Debug */,
				0021754F2C71EF49007AD789 /* Release */,
			);
			defaultConfigurationIsVisible = 0;
			defaultConfigurationName = Release;
		};
		002175502C71EF49007AD789 /* Build configuration list for PBXNativeTarget "skate-mate-analytics-macosTests" */ = {
			isa = XCConfigurationList;
			buildConfigurations = (
				002175512C71EF49007AD789 /* Debug */,
				002175522C71EF49007AD789 /* Release */,
			);
			defaultConfigurationIsVisible = 0;
			defaultConfigurationName = Release;
		};
		002175532C71EF49007AD789 /* Build configuration list for PBXNativeTarget "skate-mate-analytics-macosUITests" */ = {
			isa = XCConfigurationList;
			buildConfigurations = (
				002175542C71EF49007AD789 /* Debug */,
				002175552C71EF49007AD789 /* Release */,
			);
			defaultConfigurationIsVisible = 0;
			defaultConfigurationName = Release;
		};
/* End XCConfigurationList section */
	};
	rootObject = 002175202C71EF47007AD789 /* Project object */;
}
